github.com/Masterminds/semver v1.5.0 h1:H65muMkzWKEuNDnfl9d70GUjFniHKHRbFPGBuZ3QEww=
github.com/Masterminds/semver v1.5.0/go.mod h1:MB6lktGJrhw8PrUyiEoblNEGEQ+RzHPF078ddwwvV3Y=
github.com/NVIDIA/go-dcgm v0.0.0-20230516210056-6d8fa5f863f8 h1:aWZ6yX0Wzlz3DPHPKxpk2V5XEQXpOuYXocczi1mm3BY=
github.com/NVIDIA/go-dcgm v0.0.0-20230516210056-6d8fa5f863f8/go.mod h1:atKWXstYFllLarJucBxnt9ivFIPe26Y6S4JQvzqeSr8=
github.com/bits-and-blooms/bitset v1.2.1 h1:M+/hrU9xlMp7t4TyTDQW97d3tRPVuKFC6zBEK16QnXY=
github.com/bits-and-blooms/bitset v1.2.1/go.mod h1:gIdJ4wp64HaoK2YrL1Q5/N7Y16edYb8uY+O0FJTyyDA=
github.com/gorilla/mux v1.8.0/go.mod h1:DVbg23sWSpFRCP0SfiEN6jmj59UnW/n46BH5rLB71So=
